
Microsoft Visual Studio Solution File, Format Version 12.00
# Visual Studio 15
VisualStudioVersion = 15.0.28307.421
MinimumVisualStudioVersion = 10.0.40219.1
Project("{F2A71F9B-5D33-465A-A702-920D77279786}") = "SortWordsFile", "SortWordsFile\SortWordsFile.fsproj", "{B38321FD-D744-4831-96D1-A061D7D683CA}"
EndProject
Global
	GlobalSection(SolutionConfigurationPlatforms) = preSolution
		Debug|Any CPU = Debug|Any CPU
		Release|Any CPU = Release|Any CPU
	EndGlobalSection
	GlobalSection(ProjectConfigurationPlatforms) = postSolution
		{B38321FD-D744-4831-96D1-A061D7D683CA}.Debug|Any CPU.ActiveCfg = Debug|Any CPU
		{B38321FD-D744-4831-96D1-A061D7D683CA}.Debug|Any CPU.Build.0 = Debug|Any CPU
		{B38321FD-D744-4831-96D1-A061D7D683CA}.Release|Any CPU.ActiveCfg = Release|Any CPU
		{B38321FD-D744-4831-96D1-A061D7D683CA}.Release|Any CPU.Build.0 = Release|Any CPU
	EndGlobalSection
	GlobalSection(SolutionProperties) = preSolution
		HideSolutionNode = FALSE
	EndGlobalSection
	GlobalSection(ExtensibilityGlobals) = postSolution
		SolutionGuid = {7EF8B3B3-8220-4EA9-88DC-855C50310C56}
	EndGlobalSection
EndGlobal
